
Microsoft Visual Studio Solution File, Format Version 12.00
# Visual Studio Version 16
VisualStudioVersion = 16.0.31624.102
MinimumVisualStudioVersion = 10.0.40219.1
Project("{FAE04EC0-301F-11D3-BF4B-00C04F79EFBC}") = "Pizza", "Pizza\Pizza.csproj", "{DB2EE2B4-9BAC-4B1D-8C10-21A7EAC71DED}"
EndProject
Global
	GlobalSection(SolutionConfigurationPlatforms) = preSolution
		Debug|Any CPU = Debug|Any CPU
		Release|Any CPU = Release|Any CPU
	EndGlobalSection
	GlobalSection(ProjectConfigurationPlatforms) = postSolution
		{DB2EE2B4-9BAC-4B1D-8C10-21A7EAC71DED}.Debug|Any CPU.ActiveCfg = Debug|Any CPU
		{DB2EE2B4-9BAC-4B1D-8C10-21A7EAC71DED}.Debug|Any CPU.Build.0 = Debug|Any CPU
		{DB2EE2B4-9BAC-4B1D-8C10-21A7EAC71DED}.Release|Any CPU.ActiveCfg = Release|Any CPU
		{DB2EE2B4-9BAC-4B1D-8C10-21A7EAC71DED}.Release|Any CPU.Build.0 = Release|Any CPU
	EndGlobalSection
	GlobalSection(SolutionProperties) = preSolution
		HideSolutionNode = FALSE
	EndGlobalSection
	GlobalSection(ExtensibilityGlobals) = postSolution
		SolutionGuid = {999D3EAF-FF62-4616-8039-9B777B002511}
	EndGlobalSection
EndGlobal
